
Microsoft Visual Studio Solution File, Format Version 12.00
# Visual Studio Version 17
VisualStudioVersion = 17.2.32526.322
MinimumVisualStudioVersion = 10.0.40219.1
Project("{9A19103F-16F7-4668-BE54-9A1E7A4F7556}") = "IncomeTaxCalculator", "IncomeTaxCalculator\IncomeTaxCalculator.csproj", "{DE1D8621-8A30-4552-A2F9-F2D9A9AFE0DA}"
EndProject
Project("{FAE04EC0-301F-11D3-BF4B-00C04F79EFBC}") = "IncomeTax.TaxRepository.Contracts", "IncomeTax.TaxRepository.Contracts\IncomeTax.TaxRepository.Contracts.csproj", "{19053301-E407-4BA6-A0B8-14085DB9FE9A}"
EndProject
Project("{FAE04EC0-301F-11D3-BF4B-00C04F79EFBC}") = "IncomeTax.Calculation.Contracts", "IncomeTax.Calculation\IncomeTax.Calculation.Contracts.csproj", "{5B3B19DC-8411-42E3-B535-FE3EAFD6E9B4}"
EndProject
Project("{FAE04EC0-301F-11D3-BF4B-00C04F79EFBC}") = "IncomeTax.ObjectModel", "IncomeTax.ObjectModel\IncomeTax.ObjectModel.csproj", "{A62AA9EA-C6A5-42CD-852F-FA3381A90904}"
EndProject
Project("{FAE04EC0-301F-11D3-BF4B-00C04F79EFBC}") = "IncomeTax.Calculation.Strategies", "IncomeTax.Calculation.Strategies\IncomeTax.Calculation.Strategies.csproj", "{1DBB0F1E-A25C-4016-8BAA-29BA87B6B1EA}"
EndProject
Project("{FAE04EC0-301F-11D3-BF4B-00C04F79EFBC}") = "IncomeTax.Calculation.Strategies.Test", "IncomeTax.Calculation.Strategies.Test\IncomeTax.Calculation.Strategies.Test.csproj", "{1912B9FA-C240-4931-9DBA-F38767E88415}"
EndProject
Global
	GlobalSection(SolutionConfigurationPlatforms) = preSolution
		Debug|Any CPU = Debug|Any CPU
		Release|Any CPU = Release|Any CPU
	EndGlobalSection
	GlobalSection(ProjectConfigurationPlatforms) = postSolution
		{DE1D8621-8A30-4552-A2F9-F2D9A9AFE0DA}.Debug|Any CPU.ActiveCfg = Debug|Any CPU
		{DE1D8621-8A30-4552-A2F9-F2D9A9AFE0DA}.Debug|Any CPU.Build.0 = Debug|Any CPU
		{DE1D8621-8A30-4552-A2F9-F2D9A9AFE0DA}.Release|Any CPU.ActiveCfg = Release|Any CPU
		{DE1D8621-8A30-4552-A2F9-F2D9A9AFE0DA}.Release|Any CPU.Build.0 = Release|Any CPU
		{19053301-E407-4BA6-A0B8-14085DB9FE9A}.Debug|Any CPU.ActiveCfg = Debug|Any CPU
		{19053301-E407-4BA6-A0B8-14085DB9FE9A}.Debug|Any CPU.Build.0 = Debug|Any CPU
		{19053301-E407-4BA6-A0B8-14085DB9FE9A}.Release|Any CPU.ActiveCfg = Release|Any CPU
		{19053301-E407-4BA6-A0B8-14085DB9FE9A}.Release|Any CPU.Build.0 = Release|Any CPU
		{5B3B19DC-8411-42E3-B535-FE3EAFD6E9B4}.Debug|Any CPU.ActiveCfg = Debug|Any CPU
		{5B3B19DC-8411-42E3-B535-FE3EAFD6E9B4}.Debug|Any CPU.Build.0 = Debug|Any CPU
		{5B3B19DC-8411-42E3-B535-FE3EAFD6E9B4}.Release|Any CPU.ActiveCfg = Release|Any CPU
		{5B3B19DC-8411-42E3-B535-FE3EAFD6E9B4}.Release|Any CPU.Build.0 = Release|Any CPU
		{A62AA9EA-C6A5-42CD-852F-FA3381A90904}.Debug|Any CPU.ActiveCfg = Debug|Any CPU
		{A62AA9EA-C6A5-42CD-852F-FA3381A90904}.Debug|Any CPU.Build.0 = Debug|Any CPU
		{A62AA9EA-C6A5-42CD-852F-FA3381A90904}.Release|Any CPU.ActiveCfg = Release|Any CPU
		{A62AA9EA-C6A5-42CD-852F-FA3381A90904}.Release|Any CPU.Build.0 = Release|Any CPU
		{1DBB0F1E-A25C-4016-8BAA-29BA87B6B1EA}.Debug|Any CPU.ActiveCfg = Debug|Any CPU
		{1DBB0F1E-A25C-4016-8BAA-29BA87B6B1EA}.Debug|Any CPU.Build.0 = Debug|Any CPU
		{1DBB0F1E-A25C-4016-8BAA-29BA87B6B1EA}.Release|Any CPU.ActiveCfg = Release|Any CPU
		{1DBB0F1E-A25C-4016-8BAA-29BA87B6B1EA}.Release|Any CPU.Build.0 = Release|Any CPU
		{1912B9FA-C240-4931-9DBA-F38767E88415}.Debug|Any CPU.ActiveCfg = Debug|Any CPU
		{1912B9FA-C240-4931-9DBA-F38767E88415}.Debug|Any CPU.Build.0 = Debug|Any CPU
		{1912B9FA-C240-4931-9DBA-F38767E88415}.Release|Any CPU.ActiveCfg = Release|Any CPU
		{1912B9FA-C240-4931-9DBA-F38767E88415}.Release|Any CPU.Build.0 = Release|Any CPU
	EndGlobalSection
	GlobalSection(SolutionProperties) = preSolution
		HideSolutionNode = FALSE
	EndGlobalSection
	GlobalSection(ExtensibilityGlobals) = postSolution
		SolutionGuid = {EC146E44-CD1D-476D-861B-7DAB767F1C6E}
	EndGlobalSection
EndGlobal
